
Microsoft Visual Studio Solution File, Format Version 12.00
# Visual Studio 15
VisualStudioVersion = 15.0.28307.168
MinimumVisualStudioVersion = 10.0.40219.1
Project("{FAE04EC0-301F-11D3-BF4B-00C04F79EFBC}") = "ExerciciosPropostos1", "ExerciciosPropostos1\ExerciciosPropostos1.csproj", "{BE24181E-CEC6-4082-A5BB-0FF55D7E3F89}"
EndProject
Global
	GlobalSection(SolutionConfigurationPlatforms) = preSolution
		Debug|Any CPU = Debug|Any CPU
		Release|Any CPU = Release|Any CPU
	EndGlobalSection
	GlobalSection(ProjectConfigurationPlatforms) = postSolution
		{BE24181E-CEC6-4082-A5BB-0FF55D7E3F89}.Debug|Any CPU.ActiveCfg = Debug|Any CPU
		{BE24181E-CEC6-4082-A5BB-0FF55D7E3F89}.Debug|Any CPU.Build.0 = Debug|Any CPU
		{BE24181E-CEC6-4082-A5BB-0FF55D7E3F89}.Release|Any CPU.ActiveCfg = Release|Any CPU
		{BE24181E-CEC6-4082-A5BB-0FF55D7E3F89}.Release|Any CPU.Build.0 = Release|Any CPU
	EndGlobalSection
	GlobalSection(SolutionProperties) = preSolution
		HideSolutionNode = FALSE
	EndGlobalSection
	GlobalSection(ExtensibilityGlobals) = postSolution
		SolutionGuid = {E0855F02-0AAB-462E-84E1-BCC1D4B58BEE}
	EndGlobalSection
EndGlobal
